// !$*UTF8*$!
{
	archiveVersion = 1;
	classes = {
	};
	objectVersion = 50;
	objects = {

/* Begin PBXBuildFile section */
		38627BC821554E5A00BCFE07 /* AppDelegate.swift in Sources */ = {isa = PBXBuildFile; fileRef = 38627BC721554E5A00BCFE07 /* AppDelegate.swift */; };
		38627BCA21554E5A00BCFE07 /* ViewController.swift in Sources */ = {isa = PBXBuildFile; fileRef = 38627BC921554E5A00BCFE07 /* ViewController.swift */; };
		38627BCD21554E5A00BCFE07 /* Main.storyboard in Resources */ = {isa = PBXBuildFile; fileRef = 38627BCB21554E5A00BCFE07 /* Main.storyboard */; };
		38627BCF21554E5C00BCFE07 /* Assets.xcassets in Resources */ = {isa = PBXBuildFile; fileRef = 38627BCE21554E5C00BCFE07 /* Assets.xcassets */; };
		38627BD221554E5C00BCFE07 /* LaunchScreen.storyboard in Resources */ = {isa = PBXBuildFile; fileRef = 38627BD021554E5C00BCFE07 /* LaunchScreen.storyboard */; };
		CC9A67D554D9CA3856526C6E /* Pods_ProvideSwiftSample.framework in Frameworks */ = {isa = PBXBuildFile; fileRef = 264D47DC8183F154EF3337A4 /* Pods_ProvideSwiftSample.framework */; };
/* End PBXBuildFile section */

/* Begin PBXFileReference section */
		007A2665229B6F6774D4262D /* Pods-ProvideSwiftSample.debug.xcconfig */ = {isa = PBXFileReference; includeInIndex = 1; lastKnownFileType = text.xcconfig; name = "Pods-ProvideSwiftSample.debug.xcconfig"; path = "Pods/Target Support Files/Pods-ProvideSwiftSample/Pods-ProvideSwiftSample.debug.xcconfig"; sourceTree = "<group>"; };
		264D47DC8183F154EF3337A4 /* Pods_ProvideSwiftSample.framework */ = {isa = PBXFileReference; explicitFileType = wrapper.framework; includeInIndex = 0; path = Pods_ProvideSwiftSample.framework; sourceTree = BUILT_PRODUCTS_DIR; };
		38627BC421554E5A00BCFE07 /* ProvideSwiftSample.app */ = {isa = PBXFileReference; explicitFileType = wrapper.application; includeInIndex = 0; path = ProvideSwiftSample.app; sourceTree = BUILT_PRODUCTS_DIR; };
		38627BC721554E5A00BCFE07 /* AppDelegate.swift */ = {isa = PBXFileReference; lastKnownFileType = sourcecode.swift; path = AppDelegate.swift; sourceTree = "<group>"; };
		38627BC921554E5A00BCFE07 /* ViewController.swift */ = {isa = PBXFileReference; lastKnownFileType = sourcecode.swift; path = ViewController.swift; sourceTree = "<group>"; };
		38627BCC21554E5A00BCFE07 /* Base */ = {isa = PBXFileReference; lastKnownFileType = file.storyboard; name = Base; path = Base.lproj/Main.storyboard; sourceTree = "<group>"; };
		38627BCE21554E5C00BCFE07 /* Assets.xcassets */ = {isa = PBXFileReference; lastKnownFileType = folder.assetcatalog; path = Assets.xcassets; sourceTree = "<group>"; };
		38627BD121554E5C00BCFE07 /* Base */ = {isa = PBXFileReference; lastKnownFileType = file.storyboard; name = Base; path = Base.lproj/LaunchScreen.storyboard; sourceTree = "<group>"; };
		38627BD321554E5C00BCFE07 /* Info.plist */ = {isa = PBXFileReference; lastKnownFileType = text.plist.xml; path = Info.plist; sourceTree = "<group>"; };
		DB4A8DA09BC33DCB4B0240A1 /* Pods-ProvideSwiftSample.release.xcconfig */ = {isa = PBXFileReference; includeInIndex = 1; lastKnownFileType = text.xcconfig; name = "Pods-ProvideSwiftSample.release.xcconfig"; path = "Pods/Target Support Files/Pods-ProvideSwiftSample/Pods-ProvideSwiftSample.release.xcconfig"; sourceTree = "<group>"; };
/* End PBXFileReference section */

/* Begin PBXFrameworksBuildPhase section */
		38627BC121554E5A00BCFE07 /* Frameworks */ = {
			isa = PBXFrameworksBuildPhase;
			buildActionMask = 2147483647;
			files = (
				CC9A67D554D9CA3856526C6E /* Pods_ProvideSwiftSample.framework in Frameworks */,
			);
			runOnlyForDeploymentPostprocessing = 0;
		};
/* End PBXFrameworksBuildPhase section */

/* Begin PBXGroup section */
		04A353BC22AC6AB577EECD0A /* Frameworks */ = {
			isa = PBXGroup;
			children = (
				264D47DC8183F154EF3337A4 /* Pods_ProvideSwiftSample.framework */,
			);
			name = Frameworks;
			sourceTree = "<group>";
		};
		38627BBB21554E5A00BCFE07 = {
			isa = PBXGroup;
			children = (
				38627BC621554E5A00BCFE07 /* ProvideSwiftSample */,
				38627BC521554E5A00BCFE07 /* Products */,
				C1D86F14772B5D2849A7EE0E /* Pods */,
				04A353BC22AC6AB577EECD0A /* Frameworks */,
			);
			sourceTree = "<group>";
		};
		38627BC521554E5A00BCFE07 /* Products */ = {
			isa = PBXGroup;
			children = (
				38627BC421554E5A00BCFE07 /* ProvideSwiftSample.app */,
			);
			name = Products;
			sourceTree = "<group>";
		};
		38627BC621554E5A00BCFE07 /* ProvideSwiftSample */ = {
			isa = PBXGroup;
			children = (
				38627BC721554E5A00BCFE07 /* AppDelegate.swift */,
				38627BC921554E5A00BCFE07 /* ViewController.swift */,
				38627BCB21554E5A00BCFE07 /* Main.storyboard */,
				38627BCE21554E5C00BCFE07 /* Assets.xcassets */,
				38627BD021554E5C00BCFE07 /* LaunchScreen.storyboard */,
				38627BD321554E5C00BCFE07 /* Info.plist */,
			);
			path = ProvideSwiftSample;
			sourceTree = "<group>";
		};
		C1D86F14772B5D2849A7EE0E /* Pods */ = {
			isa = PBXGroup;
			children = (
				007A2665229B6F6774D4262D /* Pods-ProvideSwiftSample.debug.xcconfig */,
				DB4A8DA09BC33DCB4B0240A1 /* Pods-ProvideSwiftSample.release.xcconfig */,
			);
			name = Pods;
			sourceTree = "<group>";
		};
/* End PBXGroup section */

/* Begin PBXNativeTarget section */
		38627BC321554E5A00BCFE07 /* ProvideSwiftSample */ = {
			isa = PBXNativeTarget;
			buildConfigurationList = 38627BD621554E5C00BCFE07 /* Build configuration list for PBXNativeTarget "ProvideSwiftSample" */;
			buildPhases = (
				1399EB8E107832681CDFB021 /* [CP] Check Pods Manifest.lock */,
				38627BC021554E5A00BCFE07 /* Sources */,
				38627BC121554E5A00BCFE07 /* Frameworks */,
				38627BC221554E5A00BCFE07 /* Resources */,
				0D52ECC9E6D3C115892D2F2C /* [CP] Embed Pods Frameworks */,
			);
			buildRules = (
			);
			dependencies = (
			);
			name = ProvideSwiftSample;
			productName = ProvideSwiftSample;
			productReference = 38627BC421554E5A00BCFE07 /* ProvideSwiftSample.app */;
			productType = "com.apple.product-type.application";
		};
/* End PBXNativeTarget section */

/* Begin PBXProject section */
		38627BBC21554E5A00BCFE07 /* Project object */ = {
			isa = PBXProject;
			attributes = {
				LastSwiftUpdateCheck = 1000;
				LastUpgradeCheck = 1000;
				ORGANIZATIONNAME = "Method Up";
				TargetAttributes = {
					38627BC321554E5A00BCFE07 = {
						CreatedOnToolsVersion = 10.0;
					};
				};
			};
			buildConfigurationList = 38627BBF21554E5A00BCFE07 /* Build configuration list for PBXProject "ProvideSwiftSample" */;
			compatibilityVersion = "Xcode 9.3";
			developmentRegion = en;
			hasScannedForEncodings = 0;
			knownRegions = (
				en,
				Base,
			);
			mainGroup = 38627BBB21554E5A00BCFE07;
			productRefGroup = 38627BC521554E5A00BCFE07 /* Products */;
			projectDirPath = "";
			projectRoot = "";
			targets = (
				38627BC321554E5A00BCFE07 /* ProvideSwiftSample */,
			);
		};
/* End PBXProject section */

/* Begin PBXResourcesBuildPhase section */
		38627BC221554E5A00BCFE07 /* Resources */ = {
			isa = PBXResourcesBuildPhase;
			buildActionMask = 2147483647;
			files = (
				38627BD221554E5C00BCFE07 /* LaunchScreen.storyboard in Resources */,
				38627BCF21554E5C00BCFE07 /* Assets.xcassets in Resources */,
				38627BCD21554E5A00BCFE07 /* Main.storyboard in Resources */,
			);
			runOnlyForDeploymentPostprocessing = 0;
		};
/* End PBXResourcesBuildPhase section */

/* Begin PBXShellScriptBuildPhase section */
		0D52ECC9E6D3C115892D2F2C /* [CP] Embed Pods Frameworks */ = {
			isa = PBXShellScriptBuildPhase;
			buildActionMask = 2147483647;
			files = (
			);
			inputFileListPaths = (
			);
			inputPaths = (
				"${SRCROOT}/Pods/Target Support Files/Pods-ProvideSwiftSample/Pods-ProvideSwiftSample-frameworks.sh",
				"${BUILT_PRODUCTS_DIR}/Alamofire/Alamofire.framework",
				"${BUILT_PRODUCTS_DIR}/AlamofireObjectMapper/AlamofireObjectMapper.framework",
				"${BUILT_PRODUCTS_DIR}/JWTDecode/JWTDecode.framework",
				"${BUILT_PRODUCTS_DIR}/ObjectMapper/ObjectMapper.framework",
				"${BUILT_PRODUCTS_DIR}/UICKeyChainStore/UICKeyChainStore.framework",
				"${BUILT_PRODUCTS_DIR}/provide/provide.framework",
			);
			name = "[CP] Embed Pods Frameworks";
			outputFileListPaths = (
			);
			outputPaths = (
				"${TARGET_BUILD_DIR}/${FRAMEWORKS_FOLDER_PATH}/Alamofire.framework",
				"${TARGET_BUILD_DIR}/${FRAMEWORKS_FOLDER_PATH}/AlamofireObjectMapper.framework",
				"${TARGET_BUILD_DIR}/${FRAMEWORKS_FOLDER_PATH}/JWTDecode.framework",
				"${TARGET_BUILD_DIR}/${FRAMEWORKS_FOLDER_PATH}/ObjectMapper.framework",
				"${TARGET_BUILD_DIR}/${FRAMEWORKS_FOLDER_PATH}/UICKeyChainStore.framework",
				"${TARGET_BUILD_DIR}/${FRAMEWORKS_FOLDER_PATH}/provide.framework",
			);
			runOnlyForDeploymentPostprocessing = 0;
			shellPath = /bin/sh;
			shellScript = "\"${SRCROOT}/Pods/Target Support Files/Pods-ProvideSwiftSample/Pods-ProvideSwiftSample-frameworks.sh\"\n";
			showEnvVarsInLog = 0;
		};
		1399EB8E107832681CDFB021 /* [CP] Check Pods Manifest.lock */ = {
			isa = PBXShellScriptBuildPhase;
			buildActionMask = 2147483647;
			files = (
			);
			inputFileListPaths = (
			);
			inputPaths = (
				"${PODS_PODFILE_DIR_PATH}/Podfile.lock",
				"${PODS_ROOT}/Manifest.lock",
			);
			name = "[CP] Check Pods Manifest.lock";
			outputFileListPaths = (
			);
			outputPaths = (
				"$(DERIVED_FILE_DIR)/Pods-ProvideSwiftSample-checkManifestLockResult.txt",
			);
			runOnlyForDeploymentPostprocessing = 0;
			shellPath = /bin/sh;
			shellScript = "diff \"${PODS_PODFILE_DIR_PATH}/Podfile.lock\" \"${PODS_ROOT}/Manifest.lock\" > /dev/null\nif [ $? != 0 ] ; then\n    # print error to STDERR\n    echo \"error: The sandbox is not in sync with the Podfile.lock. Run 'pod install' or update your CocoaPods installation.\" >&2\n    exit 1\nfi\n# This output is used by Xcode 'outputs' to avoid re-running this script phase.\necho \"SUCCESS\" > \"${SCRIPT_OUTPUT_FILE_0}\"\n";
			showEnvVarsInLog = 0;
		};
/* End PBXShellScriptBuildPhase section */

/* Begin PBXSourcesBuildPhase section */
		38627BC021554E5A00BCFE07 /* Sources */ = {
			isa = PBXSourcesBuildPhase;
			buildActionMask = 2147483647;
			files = (
				38627BCA21554E5A00BCFE07 /* ViewController.swift in Sources */,
				38627BC821554E5A00BCFE07 /* AppDelegate.swift in Sources */,
			);
			runOnlyForDeploymentPostprocessing = 0;
		};
/* End PBXSourcesBuildPhase section */

/* Begin PBXVariantGroup section */
		38627BCB21554E5A00BCFE07 /* Main.storyboard */ = {
			isa = PBXVariantGroup;
			children = (
				38627BCC21554E5A00BCFE07 /* Base */,
			);
			name = Main.storyboard;
			sourceTree = "<group>";
		};
		38627BD021554E5C00BCFE07 /* LaunchScreen.storyboard */ = {
			isa = PBXVariantGroup;
			children = (
				38627BD121554E5C00BCFE07 /* Base */,
			);
			name = LaunchScreen.storyboard;
			sourceTree = "<group>";
		};
/* End PBXVariantGroup section */

/* Begin XCBuildConfiguration section */
		38627BD421554E5C00BCFE07 /* Debug */ = {
			isa = XCBuildConfiguration;
			buildSettings = {
				ALWAYS_SEARCH_USER_PATHS = NO;
				CLANG_ANALYZER_NONNULL = YES;
				CLANG_ANALYZER_NUMBER_OBJECT_CONVERSION = YES_AGGRESSIVE;
				CLANG_CXX_LANGUAGE_STANDARD = "gnu++14";
				CLANG_CXX_LIBRARY = "libc++";
				CLANG_ENABLE_MODULES = YES;
				CLANG_ENABLE_OBJC_ARC = YES;
				CLANG_ENABLE_OBJC_WEAK = YES;
				CLANG_WARN_BLOCK_CAPTURE_AUTORELEASING = YES;
				CLANG_WARN_BOOL_CONVERSION = YES;
				CLANG_WARN_COMMA = YES;
				CLANG_WARN_CONSTANT_CONVERSION = YES;
				CLANG_WARN_DEPRECATED_OBJC_IMPLEMENTATIONS = YES;
				CLANG_WARN_DIRECT_OBJC_ISA_USAGE = YES_ERROR;
				CLANG_WARN_DOCUMENTATION_COMMENTS = YES;
				CLANG_WARN_EMPTY_BODY = YES;
				CLANG_WARN_ENUM_CONVERSION = YES;
				CLANG_WARN_INFINITE_RECURSION = YES;
				CLANG_WARN_INT_CONVERSION = YES;
				CLANG_WARN_NON_LITERAL_NULL_CONVERSION = YES;
				CLANG_WARN_OBJC_IMPLICIT_RETAIN_SELF = YES;
				CLANG_WARN_OBJC_LITERAL_CONVERSION = YES;
				CLANG_WARN_OBJC_ROOT_CLASS = YES_ERROR;
				CLANG_WARN_RANGE_LOOP_ANALYSIS = YES;
				CLANG_WARN_STRICT_PROTOTYPES = YES;
				CLANG_WARN_SUSPICIOUS_MOVE = YES;
				CLANG_WARN_UNGUARDED_AVAILABILITY = YES_AGGRESSIVE;
				CLANG_WARN_UNREACHABLE_CODE = YES;
				CLANG_WARN__DUPLICATE_METHOD_MATCH = YES;
				CODE_SIGN_IDENTITY = "iPhone Developer";
				COPY_PHASE_STRIP = NO;
				DEBUG_INFORMATION_FORMAT = dwarf;
				ENABLE_STRICT_OBJC_MSGSEND = YES;
				ENABLE_TESTABILITY = YES;
				GCC_C_LANGUAGE_STANDARD = gnu11;
				GCC_DYNAMIC_NO_PIC = NO;
				GCC_NO_COMMON_BLOCKS = YES;
				GCC_OPTIMIZATION_LEVEL = 0;
				GCC_PREPROCESSOR_DEFINITIONS = (
					"DEBUG=1",
					"$(inherited)",
				);
				GCC_WARN_64_TO_32_BIT_CONVERSION = YES;
				GCC_WARN_ABOUT_RETURN_TYPE = YES_ERROR;
				GCC_WARN_UNDECLARED_SELECTOR = YES;
				GCC_WARN_UNINITIALIZED_AUTOS = YES_AGGRESSIVE;
				GCC_WARN_UNUSED_FUNCTION = YES;
				GCC_WARN_UNUSED_VARIABLE = YES;
				IPHONEOS_DEPLOYMENT_TARGET = 12.0;
				MTL_ENABLE_DEBUG_INFO = INCLUDE_SOURCE;
				MTL_FAST_MATH = YES;
				ONLY_ACTIVE_ARCH = YES;
				SDKROOT = iphoneos;
				SWIFT_ACTIVE_COMPILATION_CONDITIONS = DEBUG;
				SWIFT_OPTIMIZATION_LEVEL = "-Onone";
			};
			name = Debug;
		};
		38627BD521554E5C00BCFE07 /* Release */ = {
			isa = XCBuildConfiguration;
			buildSettings = {
				ALWAYS_SEARCH_USER_PATHS = NO;
				CLANG_ANALYZER_NONNULL = YES;
				CLANG_ANALYZER_NUMBER_OBJECT_CONVERSION = YES_AGGRESSIVE;
				CLANG_CXX_LANGUAGE_STANDARD = "gnu++14";
				CLANG_CXX_LIBRARY = "libc++";
				CLANG_ENABLE_MODULES = YES;
				CLANG_ENABLE_OBJC_ARC = YES;
				CLANG_ENABLE_OBJC_WEAK = YES;
				CLANG_WARN_BLOCK_CAPTURE_AUTORELEASING = YES;
				CLANG_WARN_BOOL_CONVERSION = YES;
				CLANG_WARN_COMMA = YES;
				CLANG_WARN_CONSTANT_CONVERSION = YES;
				CLANG_WARN_DEPRECATED_OBJC_IMPLEMENTATIONS = YES;
				CLANG_WARN_DIRECT_OBJC_ISA_USAGE = YES_ERROR;
				CLANG_WARN_DOCUMENTATION_COMMENTS = YES;
				CLANG_WARN_EMPTY_BODY = YES;
				CLANG_WARN_ENUM_CONVERSION = YES;
				CLANG_WARN_INFINITE_RECURSION = YES;
				CLANG_WARN_INT_CONVERSION = YES;
				CLANG_WARN_NON_LITERAL_NULL_CONVERSION = YES;
				CLANG_WARN_OBJC_IMPLICIT_RETAIN_SELF = YES;
				CLANG_WARN_OBJC_LITERAL_CONVERSION = YES;
				CLANG_WARN_OBJC_ROOT_CLASS = YES_ERROR;
				CLANG_WARN_RANGE_LOOP_ANALYSIS = YES;
				CLANG_WARN_STRICT_PROTOTYPES = YES;
				CLANG_WARN_SUSPICIOUS_MOVE = YES;
				CLANG_WARN_UNGUARDED_AVAILABILITY = YES_AGGRESSIVE;
				CLANG_WARN_UNREACHABLE_CODE = YES;
				CLANG_WARN__DUPLICATE_METHOD_MATCH = YES;
				CODE_SIGN_IDENTITY = "iPhone Developer";
				COPY_PHASE_STRIP = NO;
				DEBUG_INFORMATION_FORMAT = "dwarf-with-dsym";
				ENABLE_NS_ASSERTIONS = NO;
				ENABLE_STRICT_OBJC_MSGSEND = YES;
				GCC_C_LANGUAGE_STANDARD = gnu11;
				GCC_NO_COMMON_BLOCKS = YES;
				GCC_WARN_64_TO_32_BIT_CONVERSION = YES;
				GCC_WARN_ABOUT_RETURN_TYPE = YES_ERROR;
				GCC_WARN_UNDECLARED_SELECTOR = YES;
				GCC_WARN_UNINITIALIZED_AUTOS = YES_AGGRESSIVE;
				GCC_WARN_UNUSED_FUNCTION = YES;
				GCC_WARN_UNUSED_VARIABLE = YES;
				IPHONEOS_DEPLOYMENT_TARGET = 12.0;
				MTL_ENABLE_DEBUG_INFO = NO;
				MTL_FAST_MATH = YES;
				SDKROOT = iphoneos;
				SWIFT_COMPILATION_MODE = wholemodule;
				SWIFT_OPTIMIZATION_LEVEL = "-O";
				VALIDATE_PRODUCT = YES;
			};
			name = Release;
		};
		38627BD721554E5C00BCFE07 /* Debug */ = {
			isa = XCBuildConfiguration;
			baseConfigurationReference = 007A2665229B6F6774D4262D /* Pods-ProvideSwiftSample.debug.xcconfig */;
			buildSettings = {
				ASSETCATALOG_COMPILER_APPICON_NAME = AppIcon;
				CODE_SIGN_STYLE = Automatic;
				DEVELOPMENT_TEAM = 825MF8C7NT;
				INFOPLIST_FILE = ProvideSwiftSample/Info.plist;
				LD_RUNPATH_SEARCH_PATHS = (
					"$(inherited)",
					"@executable_path/Frameworks",
				);
				PRODUCT_BUNDLE_IDENTIFIER = com.methodup.ProvideSwiftSample;
				PRODUCT_NAME = "$(TARGET_NAME)";
				SWIFT_VERSION = 4.2;
				TARGETED_DEVICE_FAMILY = "1,2";
			};
			name = Debug;
		};
		38627BD821554E5C00BCFE07 /* Release */ = {
			isa = XCBuildConfiguration;
			baseConfigurationReference = DB4A8DA09BC33DCB4B0240A1 /* Pods-ProvideSwiftSample.release.xcconfig */;
			buildSettings = {
				ASSETCATALOG_COMPILER_APPICON_NAME = AppIcon;
				CODE_SIGN_STYLE = Automatic;
				DEVELOPMENT_TEAM = 825MF8C7NT;
				INFOPLIST_FILE = ProvideSwiftSample/Info.plist;
				LD_RUNPATH_SEARCH_PATHS = (
					"$(inherited)",
					"@executable_path/Frameworks",
				);
				PRODUCT_BUNDLE_IDENTIFIER = com.methodup.ProvideSwiftSample;
				PRODUCT_NAME = "$(TARGET_NAME)";
				SWIFT_VERSION = 4.2;
				TARGETED_DEVICE_FAMILY = "1,2";
			};
			name = Release;
		};
/* End XCBuildConfiguration section */

/* Begin XCConfigurationList section */
		38627BBF21554E5A00BCFE07 /* Build configuration list for PBXProject "ProvideSwiftSample" */ = {
			isa = XCConfigurationList;
			buildConfigurations = (
				38627BD421554E5C00BCFE07 /* Debug */,
				38627BD521554E5C00BCFE07 /* Release */,
			);
			defaultConfigurationIsVisible = 0;
			defaultConfigurationName = Release;
		};
		38627BD621554E5C00BCFE07 /* Build configuration list for PBXNativeTarget "ProvideSwiftSample" */ = {
			isa = XCConfigurationList;
			buildConfigurations = (
				38627BD721554E5C00BCFE07 /* Debug */,
				38627BD821554E5C00BCFE07 /* Release */,
			);
			defaultConfigurationIsVisible = 0;
			defaultConfigurationName = Release;
		};
/* End XCConfigurationList section */
	};
	rootObject = 38627BBC21554E5A00BCFE07 /* Project object */;
}
